
Microsoft Visual Studio Solution File, Format Version 12.00
# Visual Studio 15
VisualStudioVersion = 15.0.26430.13
MinimumVisualStudioVersion = 10.0.40219.1
Project("{FAE04EC0-301F-11D3-BF4B-00C04F79EFBC}") = "Repository", "Repository\Repository.csproj", "{F8475452-CA0A-4CC5-9F2E-1EA3A72CDD57}"
EndProject
Project("{FAE04EC0-301F-11D3-BF4B-00C04F79EFBC}") = "Repository.Editor", "Repository.Editor\Repository.Editor.csproj", "{4490BE7B-C620-40B1-8C62-5396EECC6F3E}"
EndProject
Project("{FAE04EC0-301F-11D3-BF4B-00C04F79EFBC}") = "Repository.Common", "Repository.Common\Repository.Common.csproj", "{50FB1CDA-38B0-4E70-A175-7D733E2B5C9F}"
EndProject
Project("{FAE04EC0-301F-11D3-BF4B-00C04F79EFBC}") = "Repository.JavaInterop", "Repository.JavaInterop\Repository.JavaInterop.csproj", "{D84B83DC-37B4-443A-BB4B-4A9ACC01D4AB}"
EndProject
Global
	GlobalSection(SolutionConfigurationPlatforms) = preSolution
		Debug|Any CPU = Debug|Any CPU
		Release|Any CPU = Release|Any CPU
	EndGlobalSection
	GlobalSection(ProjectConfigurationPlatforms) = postSolution
		{F8475452-CA0A-4CC5-9F2E-1EA3A72CDD57}.Debug|Any CPU.ActiveCfg = Debug|Any CPU
		{F8475452-CA0A-4CC5-9F2E-1EA3A72CDD57}.Debug|Any CPU.Build.0 = Debug|Any CPU
		{F8475452-CA0A-4CC5-9F2E-1EA3A72CDD57}.Debug|Any CPU.Deploy.0 = Debug|Any CPU
		{F8475452-CA0A-4CC5-9F2E-1EA3A72CDD57}.Release|Any CPU.ActiveCfg = Release|Any CPU
		{F8475452-CA0A-4CC5-9F2E-1EA3A72CDD57}.Release|Any CPU.Build.0 = Release|Any CPU
		{F8475452-CA0A-4CC5-9F2E-1EA3A72CDD57}.Release|Any CPU.Deploy.0 = Release|Any CPU
		{4490BE7B-C620-40B1-8C62-5396EECC6F3E}.Debug|Any CPU.ActiveCfg = Debug|Any CPU
		{4490BE7B-C620-40B1-8C62-5396EECC6F3E}.Debug|Any CPU.Build.0 = Debug|Any CPU
		{4490BE7B-C620-40B1-8C62-5396EECC6F3E}.Release|Any CPU.ActiveCfg = Release|Any CPU
		{4490BE7B-C620-40B1-8C62-5396EECC6F3E}.Release|Any CPU.Build.0 = Release|Any CPU
		{50FB1CDA-38B0-4E70-A175-7D733E2B5C9F}.Debug|Any CPU.ActiveCfg = Debug|Any CPU
		{50FB1CDA-38B0-4E70-A175-7D733E2B5C9F}.Debug|Any CPU.Build.0 = Debug|Any CPU
		{50FB1CDA-38B0-4E70-A175-7D733E2B5C9F}.Release|Any CPU.ActiveCfg = Release|Any CPU
		{50FB1CDA-38B0-4E70-A175-7D733E2B5C9F}.Release|Any CPU.Build.0 = Release|Any CPU
		{D84B83DC-37B4-443A-BB4B-4A9ACC01D4AB}.Debug|Any CPU.ActiveCfg = Debug|Any CPU
		{D84B83DC-37B4-443A-BB4B-4A9ACC01D4AB}.Debug|Any CPU.Build.0 = Debug|Any CPU
		{D84B83DC-37B4-443A-BB4B-4A9ACC01D4AB}.Release|Any CPU.ActiveCfg = Release|Any CPU
		{D84B83DC-37B4-443A-BB4B-4A9ACC01D4AB}.Release|Any CPU.Build.0 = Release|Any CPU
	EndGlobalSection
	GlobalSection(SolutionProperties) = preSolution
		HideSolutionNode = FALSE
	EndGlobalSection
EndGlobal
